
Microsoft Visual Studio Solution File, Format Version 12.00
# Visual Studio 2013
VisualStudioVersion = 12.0.31101.0
MinimumVisualStudioVersion = 10.0.40219.1
Project("{FAE04EC0-301F-11D3-BF4B-00C04F79EFBC}") = "SearchAndSort", "SearchAndSort\SearchAndSort.csproj", "{7D382727-F41F-467B-8123-93A820D60CF3}"
EndProject
Project("{FAE04EC0-301F-11D3-BF4B-00C04F79EFBC}") = "SearchAndSort.Tests", "SearchAndSort.Tests\SearchAndSort.Tests.csproj", "{F08CFE56-389A-4EAF-8C20-845EBB91376B}"
EndProject
Global
	GlobalSection(SolutionConfigurationPlatforms) = preSolution
		Debug|Any CPU = Debug|Any CPU
		Release|Any CPU = Release|Any CPU
	EndGlobalSection
	GlobalSection(ProjectConfigurationPlatforms) = postSolution
		{7D382727-F41F-467B-8123-93A820D60CF3}.Debug|Any CPU.ActiveCfg = Debug|Any CPU
		{7D382727-F41F-467B-8123-93A820D60CF3}.Debug|Any CPU.Build.0 = Debug|Any CPU
		{7D382727-F41F-467B-8123-93A820D60CF3}.Release|Any CPU.ActiveCfg = Release|Any CPU
		{7D382727-F41F-467B-8123-93A820D60CF3}.Release|Any CPU.Build.0 = Release|Any CPU
		{F08CFE56-389A-4EAF-8C20-845EBB91376B}.Debug|Any CPU.ActiveCfg = Debug|Any CPU
		{F08CFE56-389A-4EAF-8C20-845EBB91376B}.Debug|Any CPU.Build.0 = Debug|Any CPU
		{F08CFE56-389A-4EAF-8C20-845EBB91376B}.Release|Any CPU.ActiveCfg = Release|Any CPU
		{F08CFE56-389A-4EAF-8C20-845EBB91376B}.Release|Any CPU.Build.0 = Release|Any CPU
	EndGlobalSection
	GlobalSection(SolutionProperties) = preSolution
		HideSolutionNode = FALSE
	EndGlobalSection
EndGlobal
